# This file is autogenerated, do not edit; changes may be undone by the next 'dep ensure'.


[[projects]]
  branch = "master"
  name = "github.com/bitrise-io/go-utils"
  packages = ["colorstring","log"]
  revision = "961320f9011cedf55e1da0578949bf63450a96c0"

[solve-meta]
  analyzer-name = "dep"
  analyzer-version = 1
  inputs-digest = "da43d53e9a5eb465f5cf7526a1af6534fbe6d7cfeaffd85abf182cccf6b940fe"
  solver-name = "gps-cdcl"
  solver-version = 1
